
Microsoft Visual Studio Solution File, Format Version 12.00
# Visual Studio Version 16
VisualStudioVersion = 16.0.30717.126
MinimumVisualStudioVersion = 10.0.40219.1
Project("{FAE04EC0-301F-11D3-BF4B-00C04F79EFBC}") = "IP_Calculation_Forms", "IP_Calculation_Forms.csproj", "{ECA929E8-6725-4807-B3E0-ADE45CDF6E7C}"
EndProject
Global
	GlobalSection(SolutionConfigurationPlatforms) = preSolution
		Debug|Any CPU = Debug|Any CPU
		Release|Any CPU = Release|Any CPU
	EndGlobalSection
	GlobalSection(ProjectConfigurationPlatforms) = postSolution
		{ECA929E8-6725-4807-B3E0-ADE45CDF6E7C}.Debug|Any CPU.ActiveCfg = Debug|Any CPU
		{ECA929E8-6725-4807-B3E0-ADE45CDF6E7C}.Debug|Any CPU.Build.0 = Debug|Any CPU
		{ECA929E8-6725-4807-B3E0-ADE45CDF6E7C}.Release|Any CPU.ActiveCfg = Release|Any CPU
		{ECA929E8-6725-4807-B3E0-ADE45CDF6E7C}.Release|Any CPU.Build.0 = Release|Any CPU
	EndGlobalSection
	GlobalSection(SolutionProperties) = preSolution
		HideSolutionNode = FALSE
	EndGlobalSection
	GlobalSection(ExtensibilityGlobals) = postSolution
		SolutionGuid = {5BDA5CEC-5348-4831-B593-BA16D188EEA7}
	EndGlobalSection
EndGlobal
